
Microsoft Visual Studio Solution File, Format Version 12.00
# Visual Studio 14
VisualStudioVersion = 14.0.25420.1
MinimumVisualStudioVersion = 10.0.40219.1
Project("{2150E333-8FDC-42A3-9474-1A3956D46DE8}") = "01. Entidades", "01. Entidades", "{ED737B49-1F05-465F-8885-CE812F6ED1D6}"
EndProject
Project("{2150E333-8FDC-42A3-9474-1A3956D46DE8}") = "02. Acceso a Datos", "02. Acceso a Datos", "{CF0CF2FC-F8B4-4D43-98AA-F790D0B7B2B5}"
EndProject
Project("{2150E333-8FDC-42A3-9474-1A3956D46DE8}") = "03. Negocio", "03. Negocio", "{011BA99B-8F55-4C4B-93E6-FAF47031C8CA}"
EndProject
Project("{2150E333-8FDC-42A3-9474-1A3956D46DE8}") = "04. Helpers", "04. Helpers", "{88043C44-E7B4-460D-8E47-64D74AED265D}"
EndProject
Project("{2150E333-8FDC-42A3-9474-1A3956D46DE8}") = "05. Presentacion", "05. Presentacion", "{B430C433-2B50-4F32-A8D5-41F654799F21}"
EndProject
Project("{FAE04EC0-301F-11D3-BF4B-00C04F79EFBC}") = "SIGESU.Web", "SIGESU.Web\SIGESU.Web.csproj", "{1EB6205D-DE13-466D-AEE6-C1BDB64084FA}"
EndProject
Project("{FAE04EC0-301F-11D3-BF4B-00C04F79EFBC}") = "SIGESU.Entidades", "SIGESU.Entidades\SIGESU.Entidades.csproj", "{A8A4B130-DECD-4994-ABA4-55EFC2E64A66}"
EndProject
Project("{FAE04EC0-301F-11D3-BF4B-00C04F79EFBC}") = "SIGESU.Datos", "SIGESU.Datos\SIGESU.Datos.csproj", "{2142EFFC-6D39-46E4-A918-AC0F47BE1F08}"
EndProject
Project("{FAE04EC0-301F-11D3-BF4B-00C04F79EFBC}") = "SIGESU.Negocio", "SIGESU.Negocio\SIGESU.Negocio.csproj", "{45E0A822-5E07-49A8-BC35-C3E239087639}"
EndProject
Project("{FAE04EC0-301F-11D3-BF4B-00C04F79EFBC}") = "SIGESU.Helpers", "SIGESU.Helpers\SIGESU.Helpers.csproj", "{5009D507-CABC-478B-AE3A-CEF4F5482779}"
EndProject
Project("{2150E333-8FDC-42A3-9474-1A3956D46DE8}") = "06. Rest API", "06. Rest API", "{7BEE9ECD-D83D-47E2-8130-5D27D7C15AEE}"
EndProject
Project("{FAE04EC0-301F-11D3-BF4B-00C04F79EFBC}") = "SIGESU_API", "SIGESU_API\SIGESU_API.csproj", "{53AD70D6-1248-41F8-B623-29A2C6C9EC67}"
EndProject
Global
	GlobalSection(SolutionConfigurationPlatforms) = preSolution
		Debug|Any CPU = Debug|Any CPU
		Release|Any CPU = Release|Any CPU
	EndGlobalSection
	GlobalSection(ProjectConfigurationPlatforms) = postSolution
		{1EB6205D-DE13-466D-AEE6-C1BDB64084FA}.Debug|Any CPU.ActiveCfg = Debug|Any CPU
		{1EB6205D-DE13-466D-AEE6-C1BDB64084FA}.Debug|Any CPU.Build.0 = Debug|Any CPU
		{1EB6205D-DE13-466D-AEE6-C1BDB64084FA}.Release|Any CPU.ActiveCfg = Release|Any CPU
		{1EB6205D-DE13-466D-AEE6-C1BDB64084FA}.Release|Any CPU.Build.0 = Release|Any CPU
		{A8A4B130-DECD-4994-ABA4-55EFC2E64A66}.Debug|Any CPU.ActiveCfg = Debug|Any CPU
		{A8A4B130-DECD-4994-ABA4-55EFC2E64A66}.Debug|Any CPU.Build.0 = Debug|Any CPU
		{A8A4B130-DECD-4994-ABA4-55EFC2E64A66}.Release|Any CPU.ActiveCfg = Release|Any CPU
		{A8A4B130-DECD-4994-ABA4-55EFC2E64A66}.Release|Any CPU.Build.0 = Release|Any CPU
		{2142EFFC-6D39-46E4-A918-AC0F47BE1F08}.Debug|Any CPU.ActiveCfg = Debug|Any CPU
		{2142EFFC-6D39-46E4-A918-AC0F47BE1F08}.Debug|Any CPU.Build.0 = Debug|Any CPU
		{2142EFFC-6D39-46E4-A918-AC0F47BE1F08}.Release|Any CPU.ActiveCfg = Release|Any CPU
		{2142EFFC-6D39-46E4-A918-AC0F47BE1F08}.Release|Any CPU.Build.0 = Release|Any CPU
		{45E0A822-5E07-49A8-BC35-C3E239087639}.Debug|Any CPU.ActiveCfg = Debug|Any CPU
		{45E0A822-5E07-49A8-BC35-C3E239087639}.Debug|Any CPU.Build.0 = Debug|Any CPU
		{45E0A822-5E07-49A8-BC35-C3E239087639}.Release|Any CPU.ActiveCfg = Release|Any CPU
		{45E0A822-5E07-49A8-BC35-C3E239087639}.Release|Any CPU.Build.0 = Release|Any CPU
		{5009D507-CABC-478B-AE3A-CEF4F5482779}.Debug|Any CPU.ActiveCfg = Debug|Any CPU
		{5009D507-CABC-478B-AE3A-CEF4F5482779}.Debug|Any CPU.Build.0 = Debug|Any CPU
		{5009D507-CABC-478B-AE3A-CEF4F5482779}.Release|Any CPU.ActiveCfg = Release|Any CPU
		{5009D507-CABC-478B-AE3A-CEF4F5482779}.Release|Any CPU.Build.0 = Release|Any CPU
		{53AD70D6-1248-41F8-B623-29A2C6C9EC67}.Debug|Any CPU.ActiveCfg = Debug|Any CPU
		{53AD70D6-1248-41F8-B623-29A2C6C9EC67}.Debug|Any CPU.Build.0 = Debug|Any CPU
		{53AD70D6-1248-41F8-B623-29A2C6C9EC67}.Release|Any CPU.ActiveCfg = Release|Any CPU
		{53AD70D6-1248-41F8-B623-29A2C6C9EC67}.Release|Any CPU.Build.0 = Release|Any CPU
	EndGlobalSection
	GlobalSection(SolutionProperties) = preSolution
		HideSolutionNode = FALSE
	EndGlobalSection
	GlobalSection(NestedProjects) = preSolution
		{1EB6205D-DE13-466D-AEE6-C1BDB64084FA} = {B430C433-2B50-4F32-A8D5-41F654799F21}
		{A8A4B130-DECD-4994-ABA4-55EFC2E64A66} = {ED737B49-1F05-465F-8885-CE812F6ED1D6}
		{2142EFFC-6D39-46E4-A918-AC0F47BE1F08} = {CF0CF2FC-F8B4-4D43-98AA-F790D0B7B2B5}
		{45E0A822-5E07-49A8-BC35-C3E239087639} = {011BA99B-8F55-4C4B-93E6-FAF47031C8CA}
		{5009D507-CABC-478B-AE3A-CEF4F5482779} = {88043C44-E7B4-460D-8E47-64D74AED265D}
		{53AD70D6-1248-41F8-B623-29A2C6C9EC67} = {7BEE9ECD-D83D-47E2-8130-5D27D7C15AEE}
	EndGlobalSection
EndGlobal
